{
    "_meta": {
        "hash": {
            "sha256": "08c20c1acd550bc22fcbec453a6e85bd2b23d8a5cd1573ac9a9d5a721d97c9e9"
        },
        "pipfile-spec": 6,
        "requires": {
            "python_version": "3.9"
        },
        "sources": [
            {
                "name": "pypi",
                "url": "https://pypi.org/simple",
                "verify_ssl": true
            }
        ]
    },
    "default": {
        "certifi": {
            "hashes": [
                "sha256:78884e7c1d4b00ce3cea67b44566851c4343c120abd683433ce934a68ea58872",
                "sha256:d62a0163eb4c2344ac042ab2bdf75399a71a2d8c7d47eac2e2ee91b9d6339569"
            ],
            "version": "==2021.10.8"
        },
        "charset-normalizer": {
            "hashes": [
                "sha256:2857e29ff0d34db842cd7ca3230549d1a697f96ee6d3fb071cfa6c7393832597",
                "sha256:6881edbebdb17b39b4eaaa821b438bf6eddffb4468cf344f09f89def34a8b1df"
            ],
            "markers": "python_version >= '3'",
            "version": "==2.0.12"
        },
        "idna": {
            "hashes": [
                "sha256:84d9dd047ffa80596e0f246e2eab0b391788b0503584e8945f2368256d2735ff",
                "sha256:9d643ff0a55b762d5cdb124b8eaa99c66322e2157b69160bc32796e824360e6d"
            ],
            "markers": "python_version >= '3'",
            "version": "==3.3"
        },
        "imageio": {
            "hashes": [
                "sha256:1ee35330318bcb0ce25de778fc1f61555558a159433a568887d7e3d0317ce63c",
                "sha256:7f7d8d8e1eb6f8bb1d15e0dd93bee3f72026a4c3b96e9c690e42f403f7bdea3e"
            ],
            "index": "pypi",
            "version": "==2.16.0"
        },
        "numpy": {
            "hashes": [
                "sha256:03ae5850619abb34a879d5f2d4bb4dcd025d6d8fb72f5e461dae84edccfe129f",
                "sha256:076aee5a3763d41da6bef9565fdf3cb987606f567cd8b104aded2b38b7b47abf",
                "sha256:0b536b6840e84c1c6a410f3a5aa727821e6108f3454d81a5cd5900999ef04f89",
                "sha256:15efb7b93806d438e3bc590ca8ef2f953b0ce4f86f337ef4559d31ec6cf9d7dd",
                "sha256:168259b1b184aa83a514f307352c25c56af111c269ffc109d9704e81f72e764b",
                "sha256:2638389562bda1635b564490d76713695ff497242a83d9b684d27bb4a6cc9d7a",
                "sha256:3556c5550de40027d3121ebbb170f61bbe19eb639c7ad0c7b482cd9b560cd23b",
                "sha256:4a176959b6e7e00b5a0d6f549a479f869829bfd8150282c590deee6d099bbb6e",
                "sha256:515a8b6edbb904594685da6e176ac9fbea8f73a5ebae947281de6613e27f1956",
                "sha256:55535c7c2f61e2b2fc817c5cbe1af7cb907c7f011e46ae0a52caa4be1f19afe2",
                "sha256:59153979d60f5bfe9e4c00e401e24dfe0469ef8da6d68247439d3278f30a180f",
                "sha256:60cb8e5933193a3cc2912ee29ca331e9c15b2da034f76159b7abc520b3d1233a",
                "sha256:6767ad399e9327bfdbaa40871be4254d1995f4a3ca3806127f10cec778bd9896",
                "sha256:76a4f9bce0278becc2da7da3b8ef854bed41a991f4226911a24a9711baad672c",
                "sha256:8cf33634b60c9cef346663a222d9841d3bbbc0a2f00221d6bcfd0d993d5543f6",
                "sha256:94dd11d9f13ea1be17bac39c1942f527cbf7065f94953cf62dfe805653da2f8f",
                "sha256:aafa46b5a39a27aca566198d3312fb3bde95ce9677085efd02c86f7ef6be4ec7",
                "sha256:badca914580eb46385e7f7e4e426fea6de0a37b9e06bec252e481ae7ec287082",
                "sha256:d76a26c5118c4d96e264acc9e3242d72e1a2b92e739807b3b69d8d47684b6677"
            ],
            "index": "pypi",
            "version": "==1.22.2"
        },
        "opencv-python-headless": {
            "hashes": [
                "sha256:12aa335156adf62efdaa6dc5966d6c3415a7e2834d336e4f10ee5fccc65202c8",
                "sha256:359989d3aeb7b5d01f7f2f0445d448260b955274b7b1803f38e983eb85431e1f",
                "sha256:5c716001e76ca356d775875f82576c310e9d7cd38d3979a2616eea5e44c8eccd",
                "sha256:a4b21d055036460e2e1f5d97809c299c21790c59fb382fa2b9f6ef6113a97a68",
                "sha256:bf84d8e98f6bf38f07fa0ef3a287e087e42fc0d5174ce05292ef322a96c1b4dc",
                "sha256:d53f70229d23cd0e54de5b8730a79ae92d3d874eedda8c1effb376aa5a4e6ea6",
                "sha256:e8a8c02ee060ae30a31be27fb65527c9698a6aa0fec967b49d6e56ea4473d6be"
            ],
            "index": "pypi",
            "version": "==4.5.5.62"
        },
        "pillow": {
            "hashes": [
                "sha256:011233e0c42a4a7836498e98c1acf5e744c96a67dd5032a6f666cc1fb97eab97",
                "sha256:0f29d831e2151e0b7b39981756d201f7108d3d215896212ffe2e992d06bfe049",
                "sha256:12875d118f21cf35604176872447cdb57b07126750a33748bac15e77f90f1f9c",
                "sha256:14d4b1341ac07ae07eb2cc682f459bec932a380c3b122f5540432d8977e64eae",
                "sha256:1c3c33ac69cf059bbb9d1a71eeaba76781b450bc307e2291f8a4764d779a6b28",
                "sha256:1d19397351f73a88904ad1aee421e800fe4bbcd1aeee6435fb62d0a05ccd1030",
                "sha256:253e8a302a96df6927310a9d44e6103055e8fb96a6822f8b7f514bb7ef77de56",
                "sha256:2632d0f846b7c7600edf53c48f8f9f1e13e62f66a6dbc15191029d950bfed976",
                "sha256:335ace1a22325395c4ea88e00ba3dc89ca029bd66bd5a3c382d53e44f0ccd77e",
                "sha256:413ce0bbf9fc6278b2d63309dfeefe452835e1c78398efb431bab0672fe9274e",
                "sha256:5100b45a4638e3c00e4d2320d3193bdabb2d75e79793af7c3eb139e4f569f16f",
                "sha256:514ceac913076feefbeaf89771fd6febde78b0c4c1b23aaeab082c41c694e81b",
                "sha256:528a2a692c65dd5cafc130de286030af251d2ee0483a5bf50c9348aefe834e8a",
                "sha256:6295f6763749b89c994fcb6d8a7f7ce03c3992e695f89f00b741b4580b199b7e",
                "sha256:6c8bc8238a7dfdaf7a75f5ec5a663f4173f8c367e5a39f87e720495e1eed75fa",
                "sha256:718856856ba31f14f13ba885ff13874be7fefc53984d2832458f12c38205f7f7",
                "sha256:7f7609a718b177bf171ac93cea9fd2ddc0e03e84d8fa4e887bdfc39671d46b00",
                "sha256:80ca33961ced9c63358056bd08403ff866512038883e74f3a4bf88ad3eb66838",
                "sha256:80fe64a6deb6fcfdf7b8386f2cf216d329be6f2781f7d90304351811fb591360",
                "sha256:81c4b81611e3a3cb30e59b0cf05b888c675f97e3adb2c8672c3154047980726b",
                "sha256:855c583f268edde09474b081e3ddcd5cf3b20c12f26e0d434e1386cc5d318e7a",
                "sha256:9bfdb82cdfeccec50aad441afc332faf8606dfa5e8efd18a6692b5d6e79f00fd",
                "sha256:a5d24e1d674dd9d72c66ad3ea9131322819ff86250b30dc5821cbafcfa0b96b4",
                "sha256:a9f44cd7e162ac6191491d7249cceb02b8116b0f7e847ee33f739d7cb1ea1f70",
                "sha256:b5b3f092fe345c03bca1e0b687dfbb39364b21ebb8ba90e3fa707374b7915204",
                "sha256:b9618823bd237c0d2575283f2939655f54d51b4527ec3972907a927acbcc5bfc",
                "sha256:cef9c85ccbe9bee00909758936ea841ef12035296c748aaceee535969e27d31b",
                "sha256:d21237d0cd37acded35154e29aec853e945950321dd2ffd1a7d86fe686814669",
                "sha256:d3c5c79ab7dfce6d88f1ba639b77e77a17ea33a01b07b99840d6ed08031cb2a7",
                "sha256:d9d7942b624b04b895cb95af03a23407f17646815495ce4547f0e60e0b06f58e",
                "sha256:db6d9fac65bd08cea7f3540b899977c6dee9edad959fa4eaf305940d9cbd861c",
                "sha256:ede5af4a2702444a832a800b8eb7f0a7a1c0eed55b644642e049c98d589e5092",
                "sha256:effb7749713d5317478bb3acb3f81d9d7c7f86726d41c1facca068a04cf5bb4c",
                "sha256:f154d173286a5d1863637a7dcd8c3437bb557520b01bddb0be0258dcb72696b5",
                "sha256:f25ed6e28ddf50de7e7ea99d7a976d6a9c415f03adcaac9c41ff6ff41b6d86ac"
            ],
            "index": "pypi",
            "version": "==9.0.1"
        },
        "psycopg": {
            "hashes": [
                "sha256:801ea3fa3ea7f562506dce6f0121d652b2525073294c7c08ce1d4250f6614405",
                "sha256:9f72c6bdccfdab405c654ea2e9ed2293a3e9f993f66a37621f796732ce8e1855"
            ],
            "index": "pypi",
            "version": "==3.0.9"
        },
        "psycopg-binary": {
            "hashes": [
                "sha256:0626036f78c3de349901b45d3947901acc987b2bc5ed4f78171b8cf34e16a5e3",
                "sha256:0643a6e375f59b68fd4bf32d7b9cdce46e3097eff5861c1f60f1abcc2b7fad55",
                "sha256:0a28927e55d24e6ec4c478413eefcb1dde7713653f2613cbe6a88644b9c7f6bf",
                "sha256:10ea618f10c1037f75ae310a92a3b4d6fe031e24d6acb912583a778169263f96",
                "sha256:1367c3aff1950c6e89fc453ef71edae8659a2df8e8d75fb3677042262f6ba434",
                "sha256:1b01ee165bd0706ac8a14d99e02320cacc552608b0537ce6226a6eb5ca55ea59",
                "sha256:20340e38eba968bf149d4c89071b302d6702053447f07c594dd7c1c69562d2ff",
                "sha256:246ac63ef364dbb4f3610dc2b4a2c2f7218017ce78a059dc2ee1420671f5d08e",
                "sha256:257c1c1176bee9960b3bb8f6140c9bc334bb0029bbc32a45406d81787701c573",
                "sha256:2a2e2cb92e92d8502dc23e3e055f757b881dd9bf44d305a194b28a0da5505d14",
                "sha256:2b34b7f8f21ba3c5191c3d52e7968a607fed18906344aea64e22a2ff01af5978",
                "sha256:2e151e5335fd03e946a52c2f9e865991d035b110d092e7b5290687dca4bd74f8",
                "sha256:3256757512228f715330f68ac84504e2bb0ab5599ba5729278d45dee0ac97702",
                "sha256:345dedf529dd16df164f13a8f21e69948b3212bb3f863f38c005f73d0c126348",
                "sha256:3d6ea91b5bc74efd371574d41b3e77166140fd1226d76f57f570ef1375407792",
                "sha256:3de2db85785d466b0d781dd80b666efc33b2440d28d42c6a90a0d7d4bba4d48f",
                "sha256:436073784620d7b0f471ce97ac0aa6634629c19162990024731462283c65476a",
                "sha256:46ccf0d7809b7b91cf5e638fbf01251ee28532e5d80c4ab87c07023f0180f0a0",
                "sha256:55902555f0f2bff8da136cdb90b80bfbd99929313d014ed3ac6e7eefc9e13a5d",
                "sha256:5bb20a40d62cbd3cf30ba4a545979c7a1124e2ec7205820683a62e442213fa30",
                "sha256:6e2377f46b60812aa7f047d076a52c9af590c53967e1bf863d7c0046a1055e01",
                "sha256:71c0f88e2eb54792d95d4b861e15b7442ece58d1d23592c8ec7cb4950ec8226e",
                "sha256:7226bf9654a43a514e7304ba98eeb8b33c4d3303ee131be0817f0bfc87cf011e",
                "sha256:765bad74511f29a6ecf2b89a5a6d3e20bbc1a08af8e8e3b57b809250aa34bb02",
                "sha256:8498fa05bdad19945377121dfc96b2c60bf5563e66ac2690718abba21f92901d",
                "sha256:88c7fca75f61de1c86873af93a5c31fb9913a0040a217b3efe3afc739e98a996",
                "sha256:8a538d1e171cb8a2048050b14837a10b6bc61752e896e301c56d82ad118156db",
                "sha256:8f19e1a4f09e4d09f6cbc9667411c1f65b9fa7ef43be0c3feb006bfcea4b163a",
                "sha256:91da9bddcf8bcd289599dc5b54c8ce0e48b0fc117fd9488f0b55cd352b58c068",
                "sha256:92ebc5694e9e2d0a0cb24d6fc30d8fc80c6e2cd44ecf2fcb97297e305a30ee90",
                "sha256:9414d955d6214f58e1e3d9cf75b9fd76ccf54c373851a6704f8d07b5ec6894ee",
                "sha256:9f764a3b52a63db2caa8610f1705e7c29049dc4ce6981751e479e6ac2ddb9456",
                "sha256:a5f5d298413f5cfb290a77736e0bdaeb806b18aa64ad21ab8e3d8c29f7794ab3",
                "sha256:a69d5852989ec6974b06d60118ffa07f7727a02d855eaf0131b9f5588128765c",
                "sha256:ae246d6666736dda64d1dae041560a0af10688184036ef2a4a928723f49db18f",
                "sha256:af67bef30821239c80d41ae9ac5e27f0041c0001d0f75dcacaf7caccf0ec2609",
                "sha256:b6dcdefaeddd0f11bee825a87149545831bba7ed16542ffb170b42315268c876",
                "sha256:b7196f3a555ffb2b57afcdb784adaf39aeaaf95508e2556bbc45890dede50f71",
                "sha256:b78426b38186e9118095bce577506070cc1267d6de0d29cd20540d5d5a017b94",
                "sha256:b800d5c807630098c2769628535263ade025fbadc561554cb6bd2b728da49c0f",
                "sha256:c34ac2e29b11955eff7ca265ecca91279b8dafe5c75caa140a369db9105bb26f",
                "sha256:c3688bf7e539a184ecebcf47eccea8c3640c8176c2ccd75b9d07c5cb4a288446",
                "sha256:c646827d3b15eefb7f3e05d833912851e7d75d5bcba964854e3de1a479be6c10",
                "sha256:caf9557a83fd333e1f84f49395ea9ee60aed82e9e451cf805289ad5e0d2819d7",
                "sha256:d5d4952b4130ee6d56bbbdf74ad4eca3784b9ffad094e150563ccf1c992a9400",
                "sha256:dcd2bd819575ef37d891d186ae77e3acf7021a984bd79e8798ccd9b19a360c2a",
                "sha256:e4a81a688ce0226da0540bdc48dffa605014da9be04ec62a419efef24a084411",
                "sha256:e7fad34d1c82674c84ca10dd8df7549ec8733ad6e9edc98662d51942969f37bf",
                "sha256:f881e6525593b8b52cfff481ceb0b17aa32a3f35f848671006d0d0855c04730a",
                "sha256:fc61aef77228b807f09536c8071f9ae5ebfe75e49d9905224d75b6c3d9c4b5f9"
            ],
            "version": "==3.0.9"
        },
        "psycopg-pool": {
            "hashes": [
                "sha256:397beaa082f17255e6267850a00700aec4427fa214b4c55d2d49c7c154508ed5",
                "sha256:bc579078dc8209f1ce280228460f96770756f24babb5d8ab2418800e9082a973"
            ],
            "version": "==3.1.1"
        },
        "requests": {
            "hashes": [
                "sha256:68d7c56fd5a8999887728ef304a6d12edc7be74f1cfa47714fc8b414525c9a61",
                "sha256:f22fa1e554c9ddfd16e6e41ac79759e17be9e492b3587efa038054674760e72d"
            ],
            "index": "pypi",
            "version": "==2.27.1"
        },
        "torch": {
            "hashes": [
                "sha256:258a0729fb77a3457d5822d84b536057cd119b08049a8d3c41dc3dcdeb48d56e",
                "sha256:3592d3dd62b32760c82624e7586222747fe2281240e8653970b35f1d6d4a434c",
                "sha256:376fc18407add20daa6bbaaffc5a5e06d733abe53bcbd60ef2532bfed34bc091",
                "sha256:3eee3cf53c1f8fb3f1fe107a22025a8501fc6440d14e09599ba7153002531f84",
                "sha256:5b68e9108bd7ebd99eee941686046c517cfaac5331f757bcf440fe02f2e3ced1",
                "sha256:65fd02ed889c63fd82bf1a440c5a94c1310c29f3e6f9f62add416d34da355d97",
                "sha256:6a81f886823bbd15edc2dc0908fa214070df61c9f7ab8831f0a03630275cca5a",
                "sha256:6da1b877880435440a5aa9678ef0f01986d4886416844db1d97ebfb7fd1778d0",
                "sha256:8f3fd2e3ffc3bb867133fdf7fbcc8a0bb2e62a5c0696396f51856f5abf9045a8",
                "sha256:901b52787baeb2e9e1357ca7037da0028bc6ad743f530e0040ae96ef8e27156c",
                "sha256:935e5ac804c5093c79f23a7e6ca5b912c166071aa9d8b4a0a3d6a85126d6a47b",
                "sha256:97b7b0c667e8b0dd1fc70137a36e0a4841ec10ef850bda60500ad066bef3e2de",
                "sha256:9ef4c004f9e5168bd1c1930c6aff25fed5b097de81db6271ffbb2e4fb8b89319",
                "sha256:ab77a9f838874f295ed5410c0686fa22547456e0116efb281c66ef5f9d46fe28",
                "sha256:b07ef01e36b716d0d65ca60c4db0ac9d094a0e797d9b55290da4dcda91463b6c",
                "sha256:d43bc3f3a2d89ae185ef96d903c935c335219231e57685658648396984e2a67a",
                "sha256:ef99b8cca5f9358119b07956915faf6e7906f433ab4a603c160ae9de88918371",
                "sha256:f281438ee99bd72ad65c0bba1026a32e45c3b636bc067fc145ad291e9ea2faab",
                "sha256:fbaf18c1b3e0b31af194a9d853e3739464cf982d279df9d34dd18f1c2a471878"
            ],
            "index": "pypi",
            "version": "==1.10.2"
        },
        "torchvision": {
            "hashes": [
                "sha256:0eda00afc5176b35e69eddd018ee633e3e3d74bbcf139eccdc150781c4ae83a7",
                "sha256:253e389529df26d39a934512b57bd3fafd7a2a79c3bcad70d3dacab64de95d17",
                "sha256:25e72231be8ce03467a77806d9c3f5fd34b9cd23b9543d3e999bf57622377532",
                "sha256:3380211bf061d114c380f52fb33f55d2fbe483e2fd297f6aa596803f7cbdb408",
                "sha256:5263770a9a91011206b3566b33bbba040b92932885c63cfe5ac9c720ed1fdaca",
                "sha256:55c226803d0ab17972e3f61054ba5d931ca005846c34ec0ae219c17289600813",
                "sha256:6137eb2694688adf863134dc04336159b3326c30a5de66bb773634ea10ef837e",
                "sha256:63647dfb9b0354bc8c5bb120f2dc15a123cee7f5fd6a8e84561da46cc2c89e3a",
                "sha256:7a2ea29054274aa391f4acb403c55a9bafc0df7c0395c811522a9bbb18044fa8",
                "sha256:870496b022c49f1c200ac26881481e8c3916360fe86185ae86b950a7ecbef7dc",
                "sha256:8bc8a7db80c97ca254be362ba883a202192e361ba2f6dff7ff5bb010d4bfc23a",
                "sha256:a3997b63bd8fac985323b6068e689c9617b0b36e1126616f7b380e17c501aefa",
                "sha256:a82d7d383fabb45fb54aa569ab216b87b98f9eb9de75b3cbfedab555a71209fa",
                "sha256:a8cafd5fd5e583730532b40587149d39f9e496023019f1cd86b083e3ca219e6d",
                "sha256:abb8ace93194a1bc93a6fc5609d6e9518451c5c82b559abfdc77b758014276d1",
                "sha256:b237b39e1c558ad5c9043b6e56bc568ee745f7f064f53270a3fceb53b9725c4b",
                "sha256:dc144114d5991a33bf8909277b02ea082d99cee4cdcf3f7a9c6b48f0c6c8ddde",
                "sha256:eca0b0f7a0e462bdecf7926d89faae6dcd51da418ca0cf70e725981ed775a11b"
            ],
            "index": "pypi",
            "version": "==0.11.3"
        },
        "tqdm": {
            "hashes": [
                "sha256:8dd278a422499cd6b727e6ae4061c40b48fce8b76d1ccbf5d34fca9b7f925b0c",
                "sha256:d359de7217506c9851b7869f3708d8ee53ed70a1b8edbba4dbcb47442592920d"
            ],
            "index": "pypi",
            "version": "==4.62.3"
        },
        "typing-extensions": {
            "hashes": [
                "sha256:1a9462dcc3347a79b1f1c0271fbe79e844580bb598bafa1ed208b94da3cdcd42",
                "sha256:21c85e0fe4b9a155d0799430b0ad741cdce7e359660ccbd8b530613e8df88ce2"
            ],
            "version": "==4.1.1"
        },
        "urllib3": {
            "hashes": [
                "sha256:000ca7f471a233c2251c6c7023ee85305721bfdf18621ebff4fd17a8653427ed",
                "sha256:0e7c33d9a63e7ddfcb86780aac87befc2fbddf46c58dbb487e0855f7ceec283c"
            ],
            "version": "==1.26.8"
        }
    },
    "develop": {}
}
